{
  "name": "liveblocks",
  "lockfileVersion": 2,
  "requires": true,
  "packages": {
    "": {
      "dependencies": {
        "@liveblocks/client": "^0.15.0",
        "@liveblocks/react": "^0.15.0",
        "@liveblocks/zustand": "^0.15.0"
      }
    },
    "node_modules/@liveblocks/client": {
      "version": "0.15.0",
      "resolved": "https://registry.npmjs.org/@liveblocks/client/-/client-0.15.0.tgz",
      "integrity": "sha512-VUNLkJjfOdBRXYjtbf92METua0btRBXmzS8hsJGY2hfYQPNtyyZC41Bcj1P8+xPreBKHJ4kh9Ka/uCEfqd96rg=="
    },
    "node_modules/@liveblocks/react": {
      "version": "0.15.0",
      "resolved": "https://registry.npmjs.org/@liveblocks/react/-/react-0.15.0.tgz",
      "integrity": "sha512-1YTAoLoKOdwO19b/wp7z3yZqfKFAq9lBqMGG7WmL1caWgVhhWplBFs2JQ9HV82Pt00bjdnuQsJEECk8ui9tPOg==",
      "peerDependencies": {
        "@liveblocks/client": "0.15.0",
        "react": "^16.14.0 || ^17"
      }
    },
    "node_modules/@liveblocks/zustand": {
      "version": "0.15.0",
      "resolved": "https://registry.npmjs.org/@liveblocks/zustand/-/zustand-0.15.0.tgz",
      "integrity": "sha512-sPHh5Yi7SYvGN9tab0P12WCfegwrd1QDH7wMfEsGTn1Y7PDtQPYRbqrVScJpHYZBCI3LK5pE2KXvLoa99Fxz5A==",
      "peerDependencies": {
        "@liveblocks/client": "0.15.0",
        "zustand": "^3"
      }
    },
    "node_modules/js-tokens": {
      "version": "4.0.0",
      "resolved": "https://registry.npmjs.org/js-tokens/-/js-tokens-4.0.0.tgz",
      "integrity": "sha512-RdJUflcE3cUzKiMqQgsCu06FPu9UdIJO0beYbPhHN4k6apgJtifcoCtT9bcxOpYBtpD2kCM6Sbzg4CausW/PKQ==",
      "peer": true
    },
    "node_modules/loose-envify": {
      "version": "1.4.0",
      "resolved": "https://registry.npmjs.org/loose-envify/-/loose-envify-1.4.0.tgz",
      "integrity": "sha512-lyuxPGr/Wfhrlem2CL/UcnUc1zcqKAImBDzukY7Y5F/yQiNdko6+fRLevlw1HgMySw7f611UIY408EtxRSoK3Q==",
      "peer": true,
      "dependencies": {
        "js-tokens": "^3.0.0 || ^4.0.0"
      },
      "bin": {
        "loose-envify": "cli.js"
      }
    },
    "node_modules/object-assign": {
      "version": "4.1.1",
      "resolved": "https://registry.npmjs.org/object-assign/-/object-assign-4.1.1.tgz",
      "integrity": "sha1-IQmtx5ZYh8/AXLvUQsrIv7s2CGM=",
      "peer": true,
      "engines": {
        "node": ">=0.10.0"
      }
    },
    "node_modules/react": {
      "version": "17.0.2",
      "resolved": "https://registry.npmjs.org/react/-/react-17.0.2.tgz",
      "integrity": "sha512-gnhPt75i/dq/z3/6q/0asP78D0u592D5L1pd7M8P+dck6Fu/jJeL6iVVK23fptSUZj8Vjf++7wXA8UNclGQcbA==",
      "peer": true,
      "dependencies": {
        "loose-envify": "^1.1.0",
        "object-assign": "^4.1.1"
      },
      "engines": {
        "node": ">=0.10.0"
      }
    },
    "node_modules/zustand": {
      "version": "3.7.1",
      "resolved": "https://registry.npmjs.org/zustand/-/zustand-3.7.1.tgz",
      "integrity": "sha512-wHBCZlKj+bg03/hP+Tzv24YhnqqP8MCeN9ECPDXoF01062SIbnfl3j9O0znkDw1lNTY0a8WN3F///a0UhhaEqg==",
      "peer": true,
      "engines": {
        "node": ">=12.7.0"
      },
      "peerDependencies": {
        "react": ">=16.8"
      },
      "peerDependenciesMeta": {
        "react": {
          "optional": true
        }
      }
    }
  },
  "dependencies": {
    "@liveblocks/client": {
      "version": "0.15.0",
      "resolved": "https://registry.npmjs.org/@liveblocks/client/-/client-0.15.0.tgz",
      "integrity": "sha512-VUNLkJjfOdBRXYjtbf92METua0btRBXmzS8hsJGY2hfYQPNtyyZC41Bcj1P8+xPreBKHJ4kh9Ka/uCEfqd96rg=="
    },
    "@liveblocks/react": {
      "version": "0.15.0",
      "resolved": "https://registry.npmjs.org/@liveblocks/react/-/react-0.15.0.tgz",
      "integrity": "sha512-1YTAoLoKOdwO19b/wp7z3yZqfKFAq9lBqMGG7WmL1caWgVhhWplBFs2JQ9HV82Pt00bjdnuQsJEECk8ui9tPOg==",
      "requires": {}
    },
    "@liveblocks/zustand": {
      "version": "0.15.0",
      "resolved": "https://registry.npmjs.org/@liveblocks/zustand/-/zustand-0.15.0.tgz",
      "integrity": "sha512-sPHh5Yi7SYvGN9tab0P12WCfegwrd1QDH7wMfEsGTn1Y7PDtQPYRbqrVScJpHYZBCI3LK5pE2KXvLoa99Fxz5A==",
      "requires": {}
    },
    "js-tokens": {
      "version": "4.0.0",
      "resolved": "https://registry.npmjs.org/js-tokens/-/js-tokens-4.0.0.tgz",
      "integrity": "sha512-RdJUflcE3cUzKiMqQgsCu06FPu9UdIJO0beYbPhHN4k6apgJtifcoCtT9bcxOpYBtpD2kCM6Sbzg4CausW/PKQ==",
      "peer": true
    },
    "loose-envify": {
      "version": "1.4.0",
      "resolved": "https://registry.npmjs.org/loose-envify/-/loose-envify-1.4.0.tgz",
      "integrity": "sha512-lyuxPGr/Wfhrlem2CL/UcnUc1zcqKAImBDzukY7Y5F/yQiNdko6+fRLevlw1HgMySw7f611UIY408EtxRSoK3Q==",
      "peer": true,
      "requires": {
        "js-tokens": "^3.0.0 || ^4.0.0"
      }
    },
    "object-assign": {
      "version": "4.1.1",
      "resolved": "https://registry.npmjs.org/object-assign/-/object-assign-4.1.1.tgz",
      "integrity": "sha1-IQmtx5ZYh8/AXLvUQsrIv7s2CGM=",
      "peer": true
    },
    "react": {
      "version": "17.0.2",
      "resolved": "https://registry.npmjs.org/react/-/react-17.0.2.tgz",
      "integrity": "sha512-gnhPt75i/dq/z3/6q/0asP78D0u592D5L1pd7M8P+dck6Fu/jJeL6iVVK23fptSUZj8Vjf++7wXA8UNclGQcbA==",
      "peer": true,
      "requires": {
        "loose-envify": "^1.1.0",
        "object-assign": "^4.1.1"
      }
    },
    "zustand": {
      "version": "3.7.1",
      "resolved": "https://registry.npmjs.org/zustand/-/zustand-3.7.1.tgz",
      "integrity": "sha512-wHBCZlKj+bg03/hP+Tzv24YhnqqP8MCeN9ECPDXoF01062SIbnfl3j9O0znkDw1lNTY0a8WN3F///a0UhhaEqg==",
      "peer": true,
      "requires": {}
    }
  }
}
