{
  "name": "liveblocks-examples-javascript-live-cursors",
  "version": "1.0.0",
  "lockfileVersion": 2,
  "requires": true,
  "packages": {
    "": {
      "name": "liveblocks-examples-javascript-live-cursors",
      "version": "1.0.0",
      "license": "Apache-2.0",
      "dependencies": {
        "@liveblocks/client": "^0.15.3"
      },
      "devDependencies": {
        "dotenv": "^10.0.0",
        "esbuild": "^0.12.2"
      }
    },
    "node_modules/@liveblocks/client": {
      "version": "0.15.3",
      "resolved": "https://registry.npmjs.org/@liveblocks/client/-/client-0.15.3.tgz",
      "integrity": "sha512-pGhyKG6OL7c7oTDmFtzqBUgk/jToaIujkuS8Noi9rZcMdoTv0S9dOsoPFi2uTYkandM9izHRGjc7HHah4JkMIw=="
    },
    "node_modules/dotenv": {
      "version": "10.0.0",
      "dev": true,
      "license": "BSD-2-Clause",
      "engines": {
        "node": ">=10"
      }
    },
    "node_modules/esbuild": {
      "version": "0.12.2",
      "dev": true,
      "hasInstallScript": true,
      "license": "MIT",
      "bin": {
        "esbuild": "bin/esbuild"
      }
    }
  },
  "dependencies": {
    "@liveblocks/client": {
      "version": "0.15.3",
      "resolved": "https://registry.npmjs.org/@liveblocks/client/-/client-0.15.3.tgz",
      "integrity": "sha512-pGhyKG6OL7c7oTDmFtzqBUgk/jToaIujkuS8Noi9rZcMdoTv0S9dOsoPFi2uTYkandM9izHRGjc7HHah4JkMIw=="
    },
    "dotenv": {
      "version": "10.0.0",
      "dev": true
    },
    "esbuild": {
      "version": "0.12.2",
      "dev": true
    }
  }
}
