{
  "name": "javascript-live-cursors",
  "version": "1.0.0",
  "lockfileVersion": 2,
  "requires": true,
  "packages": {
    "": {
      "license": "Apache-2.0",
      "dependencies": {
        "@liveblocks/client": "^0.17.11"
      },
      "devDependencies": {
        "esbuild": "^0.12.2",
        "prettier": "^2.6.2"
      }
    },
    "node_modules/@liveblocks/client": {
      "version": "0.17.11",
      "resolved": "https://registry.npmjs.org/@liveblocks/client/-/client-0.17.11.tgz",
      "integrity": "sha512-ToVzVa6KZE+TnElkV58uTPSKymgQ/fC6mRPtNKGA/SHC8BdgNbULHBV5Van4XWKnoC4BMyC+TAcukwEaeNxREw=="
    },
    "node_modules/esbuild": {
      "version": "0.12.2",
      "dev": true,
      "hasInstallScript": true,
      "license": "MIT",
      "bin": {
        "esbuild": "bin/esbuild"
      }
    },
    "node_modules/prettier": {
      "version": "2.6.2",
      "resolved": "https://registry.npmjs.org/prettier/-/prettier-2.6.2.tgz",
      "integrity": "sha512-PkUpF+qoXTqhOeWL9fu7As8LXsIUZ1WYaJiY/a7McAQzxjk82OF0tibkFXVCDImZtWxbvojFjerkiLb0/q8mew==",
      "dev": true,
      "bin": {
        "prettier": "bin-prettier.js"
      },
      "engines": {
        "node": ">=10.13.0"
      },
      "funding": {
        "url": "https://github.com/prettier/prettier?sponsor=1"
      }
    }
  },
  "dependencies": {
    "@liveblocks/client": {
      "version": "0.17.11",
      "resolved": "https://registry.npmjs.org/@liveblocks/client/-/client-0.17.11.tgz",
      "integrity": "sha512-ToVzVa6KZE+TnElkV58uTPSKymgQ/fC6mRPtNKGA/SHC8BdgNbULHBV5Van4XWKnoC4BMyC+TAcukwEaeNxREw=="
    },
    "esbuild": {
      "version": "0.12.2",
      "dev": true
    },
    "prettier": {
      "version": "2.6.2",
      "resolved": "https://registry.npmjs.org/prettier/-/prettier-2.6.2.tgz",
      "integrity": "sha512-PkUpF+qoXTqhOeWL9fu7As8LXsIUZ1WYaJiY/a7McAQzxjk82OF0tibkFXVCDImZtWxbvojFjerkiLb0/q8mew==",
      "dev": true
    }
  }
}
