{
  "name": "@liveblocks/javascript-live-cursors",
  "version": "1.0.0",
  "lockfileVersion": 2,
  "requires": true,
  "packages": {
    "": {
      "name": "@liveblocks/javascript-live-cursors",
      "license": "Apache-2.0",
      "dependencies": {
        "@liveblocks/client": "^0.18.5"
      },
      "devDependencies": {
        "esbuild": "^0.12.2",
        "prettier": "^2.6.2"
      }
    },
    "node_modules/@liveblocks/client": {
      "version": "0.18.5",
      "resolved": "https://registry.npmjs.org/@liveblocks/client/-/client-0.18.5.tgz",
      "integrity": "sha512-P2yk5m1b4QtBAqlljZcqeXdBHiJ2y5CUjWAYo9SfmRIAYD9ztB9rX6M6+/5sAHka6Apb11RTlyLzrIaANBooDQ==",
      "dependencies": {
        "@liveblocks/core": "0.18.5"
      }
    },
    "node_modules/@liveblocks/core": {
      "version": "0.18.5",
      "resolved": "https://registry.npmjs.org/@liveblocks/core/-/core-0.18.5.tgz",
      "integrity": "sha512-nTOQOPlzUidrC3qQAJTDP0aMxS/ThyagcqMADvZIAubzv3qY7d3+OhKO+FphGsUuNgIflgq12cpLyb3bJW2vTA=="
    },
    "node_modules/esbuild": {
      "version": "0.12.2",
      "dev": true,
      "hasInstallScript": true,
      "license": "MIT",
      "bin": {
        "esbuild": "bin/esbuild"
      }
    },
    "node_modules/prettier": {
      "version": "2.6.2",
      "resolved": "https://registry.npmjs.org/prettier/-/prettier-2.6.2.tgz",
      "integrity": "sha512-PkUpF+qoXTqhOeWL9fu7As8LXsIUZ1WYaJiY/a7McAQzxjk82OF0tibkFXVCDImZtWxbvojFjerkiLb0/q8mew==",
      "dev": true,
      "bin": {
        "prettier": "bin-prettier.js"
      },
      "engines": {
        "node": ">=10.13.0"
      },
      "funding": {
        "url": "https://github.com/prettier/prettier?sponsor=1"
      }
    }
  },
  "dependencies": {
    "@liveblocks/client": {
      "version": "0.18.5",
      "resolved": "https://registry.npmjs.org/@liveblocks/client/-/client-0.18.5.tgz",
      "integrity": "sha512-P2yk5m1b4QtBAqlljZcqeXdBHiJ2y5CUjWAYo9SfmRIAYD9ztB9rX6M6+/5sAHka6Apb11RTlyLzrIaANBooDQ==",
      "requires": {
        "@liveblocks/core": "0.18.5"
      }
    },
    "@liveblocks/core": {
      "version": "0.18.5",
      "resolved": "https://registry.npmjs.org/@liveblocks/core/-/core-0.18.5.tgz",
      "integrity": "sha512-nTOQOPlzUidrC3qQAJTDP0aMxS/ThyagcqMADvZIAubzv3qY7d3+OhKO+FphGsUuNgIflgq12cpLyb3bJW2vTA=="
    },
    "esbuild": {
      "version": "0.12.2",
      "dev": true
    },
    "prettier": {
      "version": "2.6.2",
      "resolved": "https://registry.npmjs.org/prettier/-/prettier-2.6.2.tgz",
      "integrity": "sha512-PkUpF+qoXTqhOeWL9fu7As8LXsIUZ1WYaJiY/a7McAQzxjk82OF0tibkFXVCDImZtWxbvojFjerkiLb0/q8mew==",
      "dev": true
    }
  }
}
